Microsoft Visual Studio Solution File, Format Version 12.00
# Visual Studio Version 17
VisualStudioVersion = 17.5.2.0
MinimumVisualStudioVersion = 10.0.40219.1
Project("{FAE04EC0-301F-11D3-BF4B-00C04F79EFBC}") = "StudentCouncilPlannerAPI.Tests", "StudentCouncilPlannerAPI.Tests.csproj", "{8929187C-C13B-7087-EF8A-A715C6BFC381}"
EndProject
Global
	GlobalSection(SolutionConfigurationPlatforms) = preSolution
		Debug|Any CPU = Debug|Any CPU
		Release|Any CPU = Release|Any CPU
	EndGlobalSection
	GlobalSection(ProjectConfigurationPlatforms) = postSolution
		{8929187C-C13B-7087-EF8A-A715C6BFC381}.Debug|Any CPU.ActiveCfg = Debug|Any CPU
		{8929187C-C13B-7087-EF8A-A715C6BFC381}.Debug|Any CPU.Build.0 = Debug|Any CPU
		{8929187C-C13B-7087-EF8A-A715C6BFC381}.Release|Any CPU.ActiveCfg = Release|Any CPU
		{8929187C-C13B-7087-EF8A-A715C6BFC381}.Release|Any CPU.Build.0 = Release|Any CPU
	EndGlobalSection
	GlobalSection(SolutionProperties) = preSolution
		HideSolutionNode = FALSE
	EndGlobalSection
	GlobalSection(ExtensibilityGlobals) = postSolution
		SolutionGuid = {615234BC-9FEB-4CB1-AB8B-1AD4A9A6976A}
	EndGlobalSection
EndGlobal
